// !$*UTF8*$!
{
	archiveVersion = 1;
	classes = {
	};
	objectVersion = 77;
	objects = {

/* Begin PBXContainerItemProxy section */
		CEAAC2162E669BE00007F57A /* PBXContainerItemProxy */ = {
			isa = PBXContainerItemProxy;
			containerPortal = CEAAC1FF2E669BDF0007F57A /* Project object */;
			proxyType = 1;
			remoteGlobalIDString = CEAAC2062E669BDF0007F57A;
			remoteInfo = NowPlayingOnMenubar;
		};
		CEAAC2202E669BE00007F57A /* PBXContainerItemProxy */ = {
			isa = PBXContainerItemProxy;
			containerPortal = CEAAC1FF2E669BDF0007F57A /* Project object */;
			proxyType = 1;
			remoteGlobalIDString = CEAAC2062E669BDF0007F57A;
			remoteInfo = NowPlayingOnMenubar;
		};
/* End PBXContainerItemProxy section */

/* Begin PBXFileReference section */
		CEAAC2072E669BDF0007F57A /* NowPlayingOnMenubar.app */ = {isa = PBXFileReference; explicitFileType = wrapper.application; includeInIndex = 0; path = NowPlayingOnMenubar.app; sourceTree = BUILT_PRODUCTS_DIR; };
		CEAAC2152E669BE00007F57A /* NowPlayingOnMenubarTests.xctest */ = {isa = PBXFileReference; explicitFileType = wrapper.cfbundle; includeInIndex = 0; path = NowPlayingOnMenubarTests.xctest; sourceTree = BUILT_PRODUCTS_DIR; };
		CEAAC21F2E669BE00007F57A /* NowPlayingOnMenubarUITests.xctest */ = {isa = PBXFileReference; explicitFileType = wrapper.cfbundle; includeInIndex = 0; path = NowPlayingOnMenubarUITests.xctest; sourceTree = BUILT_PRODUCTS_DIR; };
/* End PBXFileReference section */

/* Begin PBXFileSystemSynchronizedRootGroup section */
		CEAAC2092E669BDF0007F57A /* NowPlayingOnMenubar */ = {
			isa = PBXFileSystemSynchronizedRootGroup;
			path = NowPlayingOnMenubar;
			sourceTree = "<group>";
		};
		CEAAC2182E669BE00007F57A /* NowPlayingOnMenubarTests */ = {
			isa = PBXFileSystemSynchronizedRootGroup;
			path = NowPlayingOnMenubarTests;
			sourceTree = "<group>";
		};
		CEAAC2222E669BE00007F57A /* NowPlayingOnMenubarUITests */ = {
			isa = PBXFileSystemSynchronizedRootGroup;
			path = NowPlayingOnMenubarUITests;
			sourceTree = "<group>";
		};
/* End PBXFileSystemSynchronizedRootGroup section */

/* Begin PBXFrameworksBuildPhase section */
		CEAAC2042E669BDF0007F57A /* Frameworks */ = {
			isa = PBXFrameworksBuildPhase;
			buildActionMask = 2147483647;
			files = (
			);
			runOnlyForDeploymentPostprocessing = 0;
		};
		CEAAC2122E669BE00007F57A /* Frameworks */ = {
			isa = PBXFrameworksBuildPhase;
			buildActionMask = 2147483647;
			files = (
			);
			runOnlyForDeploymentPostprocessing = 0;
		};
		CEAAC21C2E669BE00007F57A /* Frameworks */ = {
			isa = PBXFrameworksBuildPhase;
			buildActionMask = 2147483647;
			files = (
			);
			runOnlyForDeploymentPostprocessing = 0;
		};
/* End PBXFrameworksBuildPhase section */

/* Begin PBXGroup section */
		CEAAC1FE2E669BDF0007F57A = {
			isa = PBXGroup;
			children = (
				CEAAC2092E669BDF0007F57A /* NowPlayingOnMenubar */,
				CEAAC2182E669BE00007F57A /* NowPlayingOnMenubarTests */,
				CEAAC2222E669BE00007F57A /* NowPlayingOnMenubarUITests */,
				CEAAC2082E669BDF0007F57A /* Products */,
			);
			sourceTree = "<group>";
		};
		CEAAC2082E669BDF0007F57A /* Products */ = {
			isa = PBXGroup;
			children = (
				CEAAC2072E669BDF0007F57A /* NowPlayingOnMenubar.app */,
				CEAAC2152E669BE00007F57A /* NowPlayingOnMenubarTests.xctest */,
				CEAAC21F2E669BE00007F57A /* NowPlayingOnMenubarUITests.xctest */,
			);
			name = Products;
			sourceTree = "<group>";
		};
/* End PBXGroup section */

/* Begin PBXNativeTarget section */
		CEAAC2062E669BDF0007F57A /* NowPlayingOnMenubar */ = {
			isa = PBXNativeTarget;
			buildConfigurationList = CEAAC2292E669BE00007F57A /* Build configuration list for PBXNativeTarget "NowPlayingOnMenubar" */;
			buildPhases = (
				CEAAC2032E669BDF0007F57A /* Sources */,
				CEAAC2042E669BDF0007F57A /* Frameworks */,
				CEAAC2052E669BDF0007F57A /* Resources */,
			);
			buildRules = (
			);
			dependencies = (
			);
			fileSystemSynchronizedGroups = (
				CEAAC2092E669BDF0007F57A /* NowPlayingOnMenubar */,
			);
			name = NowPlayingOnMenubar;
			packageProductDependencies = (
			);
			productName = NowPlayingOnMenubar;
			productReference = CEAAC2072E669BDF0007F57A /* NowPlayingOnMenubar.app */;
			productType = "com.apple.product-type.application";
		};
		CEAAC2142E669BE00007F57A /* NowPlayingOnMenubarTests */ = {
			isa = PBXNativeTarget;
			buildConfigurationList = CEAAC22C2E669BE00007F57A /* Build configuration list for PBXNativeTarget "NowPlayingOnMenubarTests" */;
			buildPhases = (
				CEAAC2112E669BE00007F57A /* Sources */,
				CEAAC2122E669BE00007F57A /* Frameworks */,
				CEAAC2132E669BE00007F57A /* Resources */,
			);
			buildRules = (
			);
			dependencies = (
				CEAAC2172E669BE00007F57A /* PBXTargetDependency */,
			);
			fileSystemSynchronizedGroups = (
				CEAAC2182E669BE00007F57A /* NowPlayingOnMenubarTests */,
			);
			name = NowPlayingOnMenubarTests;
			packageProductDependencies = (
			);
			productName = NowPlayingOnMenubarTests;
			productReference = CEAAC2152E669BE00007F57A /* NowPlayingOnMenubarTests.xctest */;
			productType = "com.apple.product-type.bundle.unit-test";
		};
		CEAAC21E2E669BE00007F57A /* NowPlayingOnMenubarUITests */ = {
			isa = PBXNativeTarget;
			buildConfigurationList = CEAAC22F2E669BE00007F57A /* Build configuration list for PBXNativeTarget "NowPlayingOnMenubarUITests" */;
			buildPhases = (
				CEAAC21B2E669BE00007F57A /* Sources */,
				CEAAC21C2E669BE00007F57A /* Frameworks */,
				CEAAC21D2E669BE00007F57A /* Resources */,
			);
			buildRules = (
			);
			dependencies = (
				CEAAC2212E669BE00007F57A /* PBXTargetDependency */,
			);
			fileSystemSynchronizedGroups = (
				CEAAC2222E669BE00007F57A /* NowPlayingOnMenubarUITests */,
			);
			name = NowPlayingOnMenubarUITests;
			packageProductDependencies = (
			);
			productName = NowPlayingOnMenubarUITests;
			productReference = CEAAC21F2E669BE00007F57A /* NowPlayingOnMenubarUITests.xctest */;
			productType = "com.apple.product-type.bundle.ui-testing";
		};
/* End PBXNativeTarget section */

/* Begin PBXProject section */
		CEAAC1FF2E669BDF0007F57A /* Project object */ = {
			isa = PBXProject;
			attributes = {
				BuildIndependentTargetsInParallel = 1;
				LastSwiftUpdateCheck = 1640;
				LastUpgradeCheck = 1640;
				TargetAttributes = {
					CEAAC2062E669BDF0007F57A = {
						CreatedOnToolsVersion = 16.4;
					};
					CEAAC2142E669BE00007F57A = {
						CreatedOnToolsVersion = 16.4;
						TestTargetID = CEAAC2062E669BDF0007F57A;
					};
					CEAAC21E2E669BE00007F57A = {
						CreatedOnToolsVersion = 16.4;
						TestTargetID = CEAAC2062E669BDF0007F57A;
					};
				};
			};
			buildConfigurationList = CEAAC2022E669BDF0007F57A /* Build configuration list for PBXProject "NowPlayingOnMenubar" */;
			developmentRegion = en;
			hasScannedForEncodings = 0;
			knownRegions = (
				en,
				Base,
			);
			mainGroup = CEAAC1FE2E669BDF0007F57A;
			minimizedProjectReferenceProxies = 1;
			preferredProjectObjectVersion = 77;
			productRefGroup = CEAAC2082E669BDF0007F57A /* Products */;
			projectDirPath = "";
			projectRoot = "";
			targets = (
				CEAAC2062E669BDF0007F57A /* NowPlayingOnMenubar */,
				CEAAC2142E669BE00007F57A /* NowPlayingOnMenubarTests */,
				CEAAC21E2E669BE00007F57A /* NowPlayingOnMenubarUITests */,
			);
		};
/* End PBXProject section */

/* Begin PBXResourcesBuildPhase section */
		CEAAC2052E669BDF0007F57A /* Resources */ = {
			isa = PBXResourcesBuildPhase;
			buildActionMask = 2147483647;
			files = (
			);
			runOnlyForDeploymentPostprocessing = 0;
		};
		CEAAC2132E669BE00007F57A /* Resources */ = {
			isa = PBXResourcesBuildPhase;
			buildActionMask = 2147483647;
			files = (
			);
			runOnlyForDeploymentPostprocessing = 0;
		};
		CEAAC21D2E669BE00007F57A /* Resources */ = {
			isa = PBXResourcesBuildPhase;
			buildActionMask = 2147483647;
			files = (
			);
			runOnlyForDeploymentPostprocessing = 0;
		};
/* End PBXResourcesBuildPhase section */

/* Begin PBXSourcesBuildPhase section */
		CEAAC2032E669BDF0007F57A /* Sources */ = {
			isa = PBXSourcesBuildPhase;
			buildActionMask = 2147483647;
			files = (
			);
			runOnlyForDeploymentPostprocessing = 0;
		};
		CEAAC2112E669BE00007F57A /* Sources */ = {
			isa = PBXSourcesBuildPhase;
			buildActionMask = 2147483647;
			files = (
			);
			runOnlyForDeploymentPostprocessing = 0;
		};
		CEAAC21B2E669BE00007F57A /* Sources */ = {
			isa = PBXSourcesBuildPhase;
			buildActionMask = 2147483647;
			files = (
			);
			runOnlyForDeploymentPostprocessing = 0;
		};
/* End PBXSourcesBuildPhase section */

/* Begin PBXTargetDependency section */
		CEAAC2172E669BE00007F57A /* PBXTargetDependency */ = {
			isa = PBXTargetDependency;
			target = CEAAC2062E669BDF0007F57A /* NowPlayingOnMenubar */;
			targetProxy = CEAAC2162E669BE00007F57A /* PBXContainerItemProxy */;
		};
		CEAAC2212E669BE00007F57A /* PBXTargetDependency */ = {
			isa = PBXTargetDependency;
			target = CEAAC2062E669BDF0007F57A /* NowPlayingOnMenubar */;
			targetProxy = CEAAC2202E669BE00007F57A /* PBXContainerItemProxy */;
		};
/* End PBXTargetDependency section */

/* Begin XCBuildConfiguration section */
		CEAAC2272E669BE00007F57A /* Debug */ = {
			isa = XCBuildConfiguration;
			buildSettings = {
				ALWAYS_SEARCH_USER_PATHS = NO;
				ASSETCATALOG_COMPILER_GENERATE_SWIFT_ASSET_SYMBOL_EXTENSIONS = YES;
				CLANG_ANALYZER_NONNULL = YES;
				CLANG_ANALYZER_NUMBER_OBJECT_CONVERSION = YES_AGGRESSIVE;
				CLANG_CXX_LANGUAGE_STANDARD = "gnu++20";
				CLANG_ENABLE_MODULES = YES;
				CLANG_ENABLE_OBJC_ARC = YES;
				CLANG_ENABLE_OBJC_WEAK = YES;
				CLANG_WARN_BLOCK_CAPTURE_AUTORELEASING = YES;
				CLANG_WARN_BOOL_CONVERSION = YES;
				CLANG_WARN_COMMA = YES;
				CLANG_WARN_CONSTANT_CONVERSION = YES;
				CLANG_WARN_DEPRECATED_OBJC_IMPLEMENTATIONS = YES;
				CLANG_WARN_DIRECT_OBJC_ISA_USAGE = YES_ERROR;
				CLANG_WARN_DOCUMENTATION_COMMENTS = YES;
				CLANG_WARN_EMPTY_BODY = YES;
				CLANG_WARN_ENUM_CONVERSION = YES;
				CLANG_WARN_INFINITE_RECURSION = YES;
				CLANG_WARN_INT_CONVERSION = YES;
				CLANG_WARN_NON_LITERAL_NULL_CONVERSION = YES;
				CLANG_WARN_OBJC_IMPLICIT_RETAIN_SELF = YES;
				CLANG_WARN_OBJC_LITERAL_CONVERSION = YES;
				CLANG_WARN_OBJC_ROOT_CLASS = YES_ERROR;
				CLANG_WARN_QUOTED_INCLUDE_IN_FRAMEWORK_HEADER = YES;
				CLANG_WARN_RANGE_LOOP_ANALYSIS = YES;
				CLANG_WARN_STRICT_PROTOTYPES = YES;
				CLANG_WARN_SUSPICIOUS_MOVE = YES;
				CLANG_WARN_UNGUARDED_AVAILABILITY = YES_AGGRESSIVE;
				CLANG_WARN_UNREACHABLE_CODE = YES;
				CLANG_WARN__DUPLICATE_METHOD_MATCH = YES;
				COPY_PHASE_STRIP = NO;
				DEBUG_INFORMATION_FORMAT = dwarf;
				DEVELOPMENT_TEAM = KAX86L98C6;
				ENABLE_STRICT_OBJC_MSGSEND = YES;
				ENABLE_TESTABILITY = YES;
				ENABLE_USER_SCRIPT_SANDBOXING = YES;
				GCC_C_LANGUAGE_STANDARD = gnu17;
				GCC_DYNAMIC_NO_PIC = NO;
				GCC_NO_COMMON_BLOCKS = YES;
				GCC_OPTIMIZATION_LEVEL = 0;
				GCC_PREPROCESSOR_DEFINITIONS = (
					"DEBUG=1",
					"$(inherited)",
				);
				GCC_WARN_64_TO_32_BIT_CONVERSION = YES;
				GCC_WARN_ABOUT_RETURN_TYPE = YES_ERROR;
				GCC_WARN_UNDECLARED_SELECTOR = YES;
				GCC_WARN_UNINITIALIZED_AUTOS = YES_AGGRESSIVE;
				GCC_WARN_UNUSED_FUNCTION = YES;
				GCC_WARN_UNUSED_VARIABLE = YES;
				LOCALIZATION_PREFERS_STRING_CATALOGS = YES;
				MACOSX_DEPLOYMENT_TARGET = 15.5;
				MTL_ENABLE_DEBUG_INFO = INCLUDE_SOURCE;
				MTL_FAST_MATH = YES;
				ONLY_ACTIVE_ARCH = YES;
				SDKROOT = macosx;
				SWIFT_ACTIVE_COMPILATION_CONDITIONS = "DEBUG $(inherited)";
				SWIFT_OPTIMIZATION_LEVEL = "-Onone";
			};
			name = Debug;
		};
		CEAAC2282E669BE00007F57A /* Release */ = {
			isa = XCBuildConfiguration;
			buildSettings = {
				ALWAYS_SEARCH_USER_PATHS = NO;
				ASSETCATALOG_COMPILER_GENERATE_SWIFT_ASSET_SYMBOL_EXTENSIONS = YES;
				CLANG_ANALYZER_NONNULL = YES;
				CLANG_ANALYZER_NUMBER_OBJECT_CONVERSION = YES_AGGRESSIVE;
				CLANG_CXX_LANGUAGE_STANDARD = "gnu++20";
				CLANG_ENABLE_MODULES = YES;
				CLANG_ENABLE_OBJC_ARC = YES;
				CLANG_ENABLE_OBJC_WEAK = YES;
				CLANG_WARN_BLOCK_CAPTURE_AUTORELEASING = YES;
				CLANG_WARN_BOOL_CONVERSION = YES;
				CLANG_WARN_COMMA = YES;
				CLANG_WARN_CONSTANT_CONVERSION = YES;
				CLANG_WARN_DEPRECATED_OBJC_IMPLEMENTATIONS = YES;
				CLANG_WARN_DIRECT_OBJC_ISA_USAGE = YES_ERROR;
				CLANG_WARN_DOCUMENTATION_COMMENTS = YES;
				CLANG_WARN_EMPTY_BODY = YES;
				CLANG_WARN_ENUM_CONVERSION = YES;
				CLANG_WARN_INFINITE_RECURSION = YES;
				CLANG_WARN_INT_CONVERSION = YES;
				CLANG_WARN_NON_LITERAL_NULL_CONVERSION = YES;
				CLANG_WARN_OBJC_IMPLICIT_RETAIN_SELF = YES;
				CLANG_WARN_OBJC_LITERAL_CONVERSION = YES;
				CLANG_WARN_OBJC_ROOT_CLASS = YES_ERROR;
				CLANG_WARN_QUOTED_INCLUDE_IN_FRAMEWORK_HEADER = YES;
				CLANG_WARN_RANGE_LOOP_ANALYSIS = YES;
				CLANG_WARN_STRICT_PROTOTYPES = YES;
				CLANG_WARN_SUSPICIOUS_MOVE = YES;
				CLANG_WARN_UNGUARDED_AVAILABILITY = YES_AGGRESSIVE;
				CLANG_WARN_UNREACHABLE_CODE = YES;
				CLANG_WARN__DUPLICATE_METHOD_MATCH = YES;
				COPY_PHASE_STRIP = NO;
				DEBUG_INFORMATION_FORMAT = "dwarf-with-dsym";
				DEVELOPMENT_TEAM = KAX86L98C6;
				ENABLE_NS_ASSERTIONS = NO;
				ENABLE_STRICT_OBJC_MSGSEND = YES;
				ENABLE_USER_SCRIPT_SANDBOXING = YES;
				GCC_C_LANGUAGE_STANDARD = gnu17;
				GCC_NO_COMMON_BLOCKS = YES;
				GCC_WARN_64_TO_32_BIT_CONVERSION = YES;
				GCC_WARN_ABOUT_RETURN_TYPE = YES_ERROR;
				GCC_WARN_UNDECLARED_SELECTOR = YES;
				GCC_WARN_UNINITIALIZED_AUTOS = YES_AGGRESSIVE;
				GCC_WARN_UNUSED_FUNCTION = YES;
				GCC_WARN_UNUSED_VARIABLE = YES;
				LOCALIZATION_PREFERS_STRING_CATALOGS = YES;
				MACOSX_DEPLOYMENT_TARGET = 15.5;
				MTL_ENABLE_DEBUG_INFO = NO;
				MTL_FAST_MATH = YES;
				SDKROOT = macosx;
				SWIFT_COMPILATION_MODE = wholemodule;
			};
			name = Release;
		};
		CEAAC22A2E669BE00007F57A /* Debug */ = {
			isa = XCBuildConfiguration;
			buildSettings = {
				ASSETCATALOG_COMPILER_APPICON_NAME = AppIcon;
				ASSETCATALOG_COMPILER_GLOBAL_ACCENT_COLOR_NAME = AccentColor;
				CODE_SIGN_ENTITLEMENTS = NowPlayingOnMenubar/NowPlayingOnMenubar.entitlements;
				CODE_SIGN_STYLE = Automatic;
				COMBINE_HIDPI_IMAGES = YES;
				CURRENT_PROJECT_VERSION = 1;
				DEVELOPMENT_TEAM = KAX86L98C6;
				ENABLE_HARDENED_RUNTIME = YES;
				ENABLE_PREVIEWS = YES;
				GENERATE_INFOPLIST_FILE = YES;
				INFOPLIST_KEY_NSHumanReadableCopyright = "";
				LD_RUNPATH_SEARCH_PATHS = (
					"$(inherited)",
					"@executable_path/../Frameworks",
				);
				MARKETING_VERSION = 1.0;
				PRODUCT_BUNDLE_IDENTIFIER = com.kinachan.NowPlayingOnMenubar;
				PRODUCT_NAME = "$(TARGET_NAME)";
				REGISTER_APP_GROUPS = YES;
				SWIFT_EMIT_LOC_STRINGS = YES;
				SWIFT_VERSION = 5.0;
			};
			name = Debug;
		};
		CEAAC22B2E669BE00007F57A /* Release */ = {
			isa = XCBuildConfiguration;
			buildSettings = {
				ASSETCATALOG_COMPILER_APPICON_NAME = AppIcon;
				ASSETCATALOG_COMPILER_GLOBAL_ACCENT_COLOR_NAME = AccentColor;
				CODE_SIGN_ENTITLEMENTS = NowPlayingOnMenubar/NowPlayingOnMenubar.entitlements;
				CODE_SIGN_STYLE = Automatic;
				COMBINE_HIDPI_IMAGES = YES;
				CURRENT_PROJECT_VERSION = 1;
				DEVELOPMENT_TEAM = KAX86L98C6;
				ENABLE_HARDENED_RUNTIME = YES;
				ENABLE_PREVIEWS = YES;
				GENERATE_INFOPLIST_FILE = YES;
				INFOPLIST_KEY_NSHumanReadableCopyright = "";
				LD_RUNPATH_SEARCH_PATHS = (
					"$(inherited)",
					"@executable_path/../Frameworks",
				);
				MARKETING_VERSION = 1.0;
				PRODUCT_BUNDLE_IDENTIFIER = com.kinachan.NowPlayingOnMenubar;
				PRODUCT_NAME = "$(TARGET_NAME)";
				REGISTER_APP_GROUPS = YES;
				SWIFT_EMIT_LOC_STRINGS = YES;
				SWIFT_VERSION = 5.0;
			};
			name = Release;
		};
		CEAAC22D2E669BE00007F57A /* Debug */ = {
			isa = XCBuildConfiguration;
			buildSettings = {
				BUNDLE_LOADER = "$(TEST_HOST)";
				CODE_SIGN_STYLE = Automatic;
				CURRENT_PROJECT_VERSION = 1;
				DEVELOPMENT_TEAM = KAX86L98C6;
				GENERATE_INFOPLIST_FILE = YES;
				MACOSX_DEPLOYMENT_TARGET = 15.5;
				MARKETING_VERSION = 1.0;
				PRODUCT_BUNDLE_IDENTIFIER = com.kinachan.NowPlayingOnMenubarTests;
				PRODUCT_NAME = "$(TARGET_NAME)";
				SWIFT_EMIT_LOC_STRINGS = NO;
				SWIFT_VERSION = 5.0;
				TEST_HOST = "$(BUILT_PRODUCTS_DIR)/NowPlayingOnMenubar.app/$(BUNDLE_EXECUTABLE_FOLDER_PATH)/NowPlayingOnMenubar";
			};
			name = Debug;
		};
		CEAAC22E2E669BE00007F57A /* Release */ = {
			isa = XCBuildConfiguration;
			buildSettings = {
				BUNDLE_LOADER = "$(TEST_HOST)";
				CODE_SIGN_STYLE = Automatic;
				CURRENT_PROJECT_VERSION = 1;
				DEVELOPMENT_TEAM = KAX86L98C6;
				GENERATE_INFOPLIST_FILE = YES;
				MACOSX_DEPLOYMENT_TARGET = 15.5;
				MARKETING_VERSION = 1.0;
				PRODUCT_BUNDLE_IDENTIFIER = com.kinachan.NowPlayingOnMenubarTests;
				PRODUCT_NAME = "$(TARGET_NAME)";
				SWIFT_EMIT_LOC_STRINGS = NO;
				SWIFT_VERSION = 5.0;
				TEST_HOST = "$(BUILT_PRODUCTS_DIR)/NowPlayingOnMenubar.app/$(BUNDLE_EXECUTABLE_FOLDER_PATH)/NowPlayingOnMenubar";
			};
			name = Release;
		};
		CEAAC2302E669BE00007F57A /* Debug */ = {
			isa = XCBuildConfiguration;
			buildSettings = {
				CODE_SIGN_STYLE = Automatic;
				CURRENT_PROJECT_VERSION = 1;
				DEVELOPMENT_TEAM = KAX86L98C6;
				GENERATE_INFOPLIST_FILE = YES;
				MARKETING_VERSION = 1.0;
				PRODUCT_BUNDLE_IDENTIFIER = com.kinachan.NowPlayingOnMenubarUITests;
				PRODUCT_NAME = "$(TARGET_NAME)";
				SWIFT_EMIT_LOC_STRINGS = NO;
				SWIFT_VERSION = 5.0;
				TEST_TARGET_NAME = NowPlayingOnMenubar;
			};
			name = Debug;
		};
		CEAAC2312E669BE00007F57A /* Release */ = {
			isa = XCBuildConfiguration;
			buildSettings = {
				CODE_SIGN_STYLE = Automatic;
				CURRENT_PROJECT_VERSION = 1;
				DEVELOPMENT_TEAM = KAX86L98C6;
				GENERATE_INFOPLIST_FILE = YES;
				MARKETING_VERSION = 1.0;
				PRODUCT_BUNDLE_IDENTIFIER = com.kinachan.NowPlayingOnMenubarUITests;
				PRODUCT_NAME = "$(TARGET_NAME)";
				SWIFT_EMIT_LOC_STRINGS = NO;
				SWIFT_VERSION = 5.0;
				TEST_TARGET_NAME = NowPlayingOnMenubar;
			};
			name = Release;
		};
/* End XCBuildConfiguration section */

/* Begin XCConfigurationList section */
		CEAAC2022E669BDF0007F57A /* Build configuration list for PBXProject "NowPlayingOnMenubar" */ = {
			isa = XCConfigurationList;
			buildConfigurations = (
				CEAAC2272E669BE00007F57A /* Debug */,
				CEAAC2282E669BE00007F57A /* Release */,
			);
			defaultConfigurationIsVisible = 0;
			defaultConfigurationName = Release;
		};
		CEAAC2292E669BE00007F57A /* Build configuration list for PBXNativeTarget "NowPlayingOnMenubar" */ = {
			isa = XCConfigurationList;
			buildConfigurations = (
				CEAAC22A2E669BE00007F57A /* Debug */,
				CEAAC22B2E669BE00007F57A /* Release */,
			);
			defaultConfigurationIsVisible = 0;
			defaultConfigurationName = Release;
		};
		CEAAC22C2E669BE00007F57A /* Build configuration list for PBXNativeTarget "NowPlayingOnMenubarTests" */ = {
			isa = XCConfigurationList;
			buildConfigurations = (
				CEAAC22D2E669BE00007F57A /* Debug */,
				CEAAC22E2E669BE00007F57A /* Release */,
			);
			defaultConfigurationIsVisible = 0;
			defaultConfigurationName = Release;
		};
		CEAAC22F2E669BE00007F57A /* Build configuration list for PBXNativeTarget "NowPlayingOnMenubarUITests" */ = {
			isa = XCConfigurationList;
			buildConfigurations = (
				CEAAC2302E669BE00007F57A /* Debug */,
				CEAAC2312E669BE00007F57A /* Release */,
			);
			defaultConfigurationIsVisible = 0;
			defaultConfigurationName = Release;
		};
/* End XCConfigurationList section */
	};
	rootObject = CEAAC1FF2E669BDF0007F57A /* Project object */;
}
